
Microsoft Visual Studio Solution File, Format Version 12.00
# Visual Studio 15
VisualStudioVersion = 15.0.27703.2047
MinimumVisualStudioVersion = 10.0.40219.1
Project("{FAE04EC0-301F-11D3-BF4B-00C04F79EFBC}") = "DataStorageLibrary", "DataStorageLibrary\DataStorageLibrary.csproj", "{4B4EBA7D-832D-4B81-A07F-8A4D118FA03B}"
EndProject
Project("{FAE04EC0-301F-11D3-BF4B-00C04F79EFBC}") = "DataStorageCLI", "DataStorageCLI\DataStorageCLI.csproj", "{9C2B3933-0C0B-4C81-83BC-0D8BC0D52EE0}"
EndProject
Project("{FAE04EC0-301F-11D3-BF4B-00C04F79EFBC}") = "DataLibrary", "DataLibrary\DataLibrary.csproj", "{58D75456-A53E-458B-A146-04909DE7FD15}"
EndProject
Project("{9A19103F-16F7-4668-BE54-9A1E7A4F7556}") = "DataStorageWebAPI", "DataStorageWebAPI\DataStorageWebAPI.csproj", "{8C0F21DC-909C-4001-94D5-E20657B16E25}"
EndProject
Global
	GlobalSection(SolutionConfigurationPlatforms) = preSolution
		Debug|Any CPU = Debug|Any CPU
		Release|Any CPU = Release|Any CPU
	EndGlobalSection
	GlobalSection(ProjectConfigurationPlatforms) = postSolution
		{4B4EBA7D-832D-4B81-A07F-8A4D118FA03B}.Debug|Any CPU.ActiveCfg = Debug|Any CPU
		{4B4EBA7D-832D-4B81-A07F-8A4D118FA03B}.Debug|Any CPU.Build.0 = Debug|Any CPU
		{4B4EBA7D-832D-4B81-A07F-8A4D118FA03B}.Release|Any CPU.ActiveCfg = Release|Any CPU
		{4B4EBA7D-832D-4B81-A07F-8A4D118FA03B}.Release|Any CPU.Build.0 = Release|Any CPU
		{9C2B3933-0C0B-4C81-83BC-0D8BC0D52EE0}.Debug|Any CPU.ActiveCfg = Debug|Any CPU
		{9C2B3933-0C0B-4C81-83BC-0D8BC0D52EE0}.Debug|Any CPU.Build.0 = Debug|Any CPU
		{9C2B3933-0C0B-4C81-83BC-0D8BC0D52EE0}.Release|Any CPU.ActiveCfg = Release|Any CPU
		{9C2B3933-0C0B-4C81-83BC-0D8BC0D52EE0}.Release|Any CPU.Build.0 = Release|Any CPU
		{58D75456-A53E-458B-A146-04909DE7FD15}.Debug|Any CPU.ActiveCfg = Debug|Any CPU
		{58D75456-A53E-458B-A146-04909DE7FD15}.Debug|Any CPU.Build.0 = Debug|Any CPU
		{58D75456-A53E-458B-A146-04909DE7FD15}.Release|Any CPU.ActiveCfg = Release|Any CPU
		{58D75456-A53E-458B-A146-04909DE7FD15}.Release|Any CPU.Build.0 = Release|Any CPU
		{8C0F21DC-909C-4001-94D5-E20657B16E25}.Debug|Any CPU.ActiveCfg = Debug|Any CPU
		{8C0F21DC-909C-4001-94D5-E20657B16E25}.Debug|Any CPU.Build.0 = Debug|Any CPU
		{8C0F21DC-909C-4001-94D5-E20657B16E25}.Release|Any CPU.ActiveCfg = Release|Any CPU
		{8C0F21DC-909C-4001-94D5-E20657B16E25}.Release|Any CPU.Build.0 = Release|Any CPU
	EndGlobalSection
	GlobalSection(SolutionProperties) = preSolution
		HideSolutionNode = FALSE
	EndGlobalSection
	GlobalSection(ExtensibilityGlobals) = postSolution
		SolutionGuid = {0A0A1F32-13F5-4899-B12C-B1D94EB68A21}
	EndGlobalSection
EndGlobal
